// !$*UTF8*$!
{
	archiveVersion = 1;
	classes = {
	};
	objectVersion = 50;
	objects = {

/* Begin PBXBuildFile section */
		576AE7EA2475973500994989 /* Constants.swift in Sources */ = {isa = PBXBuildFile; fileRef = 576AE7E92475973500994989 /* Constants.swift */; };
		576AE7ED24769CAF00994989 /* CollectionView.swift in Sources */ = {isa = PBXBuildFile; fileRef = 576AE7EC24769CAF00994989 /* CollectionView.swift */; };
		576AE7EF24769E3200994989 /* CollectionViewFirstCell.swift in Sources */ = {isa = PBXBuildFile; fileRef = 576AE7EE24769E3200994989 /* CollectionViewFirstCell.swift */; };
		57F58D10246EDE060047A993 /* AppDelegate.swift in Sources */ = {isa = PBXBuildFile; fileRef = 57F58D0F246EDE060047A993 /* AppDelegate.swift */; };
		57F58D12246EDE060047A993 /* SceneDelegate.swift in Sources */ = {isa = PBXBuildFile; fileRef = 57F58D11246EDE060047A993 /* SceneDelegate.swift */; };
		57F58D14246EDE060047A993 /* AuthViewController.swift in Sources */ = {isa = PBXBuildFile; fileRef = 57F58D13246EDE060047A993 /* AuthViewController.swift */; };
		57F58D17246EDE060047A993 /* Main.storyboard in Resources */ = {isa = PBXBuildFile; fileRef = 57F58D15246EDE060047A993 /* Main.storyboard */; };
		57F58D19246EDE0B0047A993 /* Assets.xcassets in Resources */ = {isa = PBXBuildFile; fileRef = 57F58D18246EDE0B0047A993 /* Assets.xcassets */; };
		57F58D1C246EDE0B0047A993 /* LaunchScreen.storyboard in Resources */ = {isa = PBXBuildFile; fileRef = 57F58D1A246EDE0B0047A993 /* LaunchScreen.storyboard */; };
		57F58D2D246FBCFE0047A993 /* FeedViewController.swift in Sources */ = {isa = PBXBuildFile; fileRef = 57F58D2C246FBCFE0047A993 /* FeedViewController.swift */; };
		57F58D4D246FFB440047A993 /* FeedResponse.swift in Sources */ = {isa = PBXBuildFile; fileRef = 57F58D4C246FFB440047A993 /* FeedResponse.swift */; };
		57F58D52247000D30047A993 /* Alamofire.framework in Frameworks */ = {isa = PBXBuildFile; fileRef = 57F58D3E246FC4C40047A993 /* Alamofire.framework */; };
		57F58D55247000D80047A993 /* Kingfisher.framework in Frameworks */ = {isa = PBXBuildFile; fileRef = 57F58D45246FC8110047A993 /* Kingfisher.framework */; };
		57F58D57247000DB0047A993 /* VKSdkFramework.framework in Frameworks */ = {isa = PBXBuildFile; fileRef = 57F58D41246FC7350047A993 /* VKSdkFramework.framework */; };
		57F58D5A24702BAF0047A993 /* AuthService.swift in Sources */ = {isa = PBXBuildFile; fileRef = 57F58D5924702BAF0047A993 /* AuthService.swift */; };
		57F58D5D2471382C0047A993 /* NetworkService.swift in Sources */ = {isa = PBXBuildFile; fileRef = 57F58D5C2471382C0047A993 /* NetworkService.swift */; };
		57F58D5F24713AAE0047A993 /* API.swift in Sources */ = {isa = PBXBuildFile; fileRef = 57F58D5E24713AAE0047A993 /* API.swift */; };
		57F58D612471BEC90047A993 /* NetworkDataFetcher.swift in Sources */ = {isa = PBXBuildFile; fileRef = 57F58D602471BEC90047A993 /* NetworkDataFetcher.swift */; };
		57F58D642472866A0047A993 /* NewsfeedCell.swift in Sources */ = {isa = PBXBuildFile; fileRef = 57F58D632472866A0047A993 /* NewsfeedCell.swift */; };
		57F58D692472E41B0047A993 /* FeedViewModel.swift in Sources */ = {isa = PBXBuildFile; fileRef = 57F58D682472E41B0047A993 /* FeedViewModel.swift */; };
		57F58D6B2473D7150047A993 /* WebImageView.swift in Sources */ = {isa = PBXBuildFile; fileRef = 57F58D6A2473D7150047A993 /* WebImageView.swift */; };
		57F58D7124741EAF0047A993 /* NewsfeedCellLayoutCalculator.swift in Sources */ = {isa = PBXBuildFile; fileRef = 57F58D7024741EAF0047A993 /* NewsfeedCellLayoutCalculator.swift */; };
		57F58D732475406C0047A993 /* Extensions.swift in Sources */ = {isa = PBXBuildFile; fileRef = 57F58D722475406C0047A993 /* Extensions.swift */; };
/* End PBXBuildFile section */

/* Begin PBXFileReference section */
		576AE7E92475973500994989 /* Constants.swift */ = {isa = PBXFileReference; lastKnownFileType = sourcecode.swift; path = Constants.swift; sourceTree = "<group>"; };
		576AE7EC24769CAF00994989 /* CollectionView.swift */ = {isa = PBXFileReference; lastKnownFileType = sourcecode.swift; path = CollectionView.swift; sourceTree = "<group>"; };
		576AE7EE24769E3200994989 /* CollectionViewFirstCell.swift */ = {isa = PBXFileReference; lastKnownFileType = sourcecode.swift; path = CollectionViewFirstCell.swift; sourceTree = "<group>"; };
		57F58D0C246EDE060047A993 /* NewsfeedVK.app */ = {isa = PBXFileReference; explicitFileType = wrapper.application; includeInIndex = 0; path = NewsfeedVK.app; sourceTree = BUILT_PRODUCTS_DIR; };
		57F58D0F246EDE060047A993 /* AppDelegate.swift */ = {isa = PBXFileReference; lastKnownFileType = sourcecode.swift; path = AppDelegate.swift; sourceTree = "<group>"; };
		57F58D11246EDE060047A993 /* SceneDelegate.swift */ = {isa = PBXFileReference; lastKnownFileType = sourcecode.swift; path = SceneDelegate.swift; sourceTree = "<group>"; };
		57F58D13246EDE060047A993 /* AuthViewController.swift */ = {isa = PBXFileReference; lastKnownFileType = sourcecode.swift; path = AuthViewController.swift; sourceTree = "<group>"; };
		57F58D16246EDE060047A993 /* Base */ = {isa = PBXFileReference; lastKnownFileType = file.storyboard; name = Base; path = Base.lproj/Main.storyboard; sourceTree = "<group>"; };
		57F58D18246EDE0B0047A993 /* Assets.xcassets */ = {isa = PBXFileReference; lastKnownFileType = folder.assetcatalog; path = Assets.xcassets; sourceTree = "<group>"; };
		57F58D1B246EDE0B0047A993 /* Base */ = {isa = PBXFileReference; lastKnownFileType = file.storyboard; name = Base; path = Base.lproj/LaunchScreen.storyboard; sourceTree = "<group>"; };
		57F58D1D246EDE0B0047A993 /* Info.plist */ = {isa = PBXFileReference; lastKnownFileType = text.plist.xml; path = Info.plist; sourceTree = "<group>"; };
		57F58D2C246FBCFE0047A993 /* FeedViewController.swift */ = {isa = PBXFileReference; lastKnownFileType = sourcecode.swift; path = FeedViewController.swift; sourceTree = "<group>"; };
		57F58D3E246FC4C40047A993 /* Alamofire.framework */ = {isa = PBXFileReference; lastKnownFileType = wrapper.framework; name = Alamofire.framework; path = Carthage/Build/iOS/Alamofire.framework; sourceTree = "<group>"; };
		57F58D41246FC7350047A993 /* VKSdkFramework.framework */ = {isa = PBXFileReference; lastKnownFileType = wrapper.framework; name = VKSdkFramework.framework; path = Carthage/Build/iOS/VKSdkFramework.framework; sourceTree = "<group>"; };
		57F58D45246FC8110047A993 /* Kingfisher.framework */ = {isa = PBXFileReference; lastKnownFileType = wrapper.framework; name = Kingfisher.framework; path = Carthage/Build/iOS/Kingfisher.framework; sourceTree = "<group>"; };
		57F58D4C246FFB440047A993 /* FeedResponse.swift */ = {isa = PBXFileReference; lastKnownFileType = sourcecode.swift; path = FeedResponse.swift; sourceTree = "<group>"; };
		57F58D4E2470008C0047A993 /* Alamofire */ = {isa = PBXFileReference; lastKnownFileType = "compiled.mach-o.dylib"; name = Alamofire; path = Carthage/Build/iOS/Alamofire.framework/Alamofire; sourceTree = "<group>"; };
		57F58D5924702BAF0047A993 /* AuthService.swift */ = {isa = PBXFileReference; lastKnownFileType = sourcecode.swift; path = AuthService.swift; sourceTree = "<group>"; };
		57F58D5C2471382C0047A993 /* NetworkService.swift */ = {isa = PBXFileReference; lastKnownFileType = sourcecode.swift; path = NetworkService.swift; sourceTree = "<group>"; };
		57F58D5E24713AAE0047A993 /* API.swift */ = {isa = PBXFileReference; lastKnownFileType = sourcecode.swift; path = API.swift; sourceTree = "<group>"; };
		57F58D602471BEC90047A993 /* NetworkDataFetcher.swift */ = {isa = PBXFileReference; lastKnownFileType = sourcecode.swift; path = NetworkDataFetcher.swift; sourceTree = "<group>"; };
		57F58D632472866A0047A993 /* NewsfeedCell.swift */ = {isa = PBXFileReference; lastKnownFileType = sourcecode.swift; path = NewsfeedCell.swift; sourceTree = "<group>"; };
		57F58D682472E41B0047A993 /* FeedViewModel.swift */ = {isa = PBXFileReference; lastKnownFileType = sourcecode.swift; path = FeedViewModel.swift; sourceTree = "<group>"; };
		57F58D6A2473D7150047A993 /* WebImageView.swift */ = {isa = PBXFileReference; lastKnownFileType = sourcecode.swift; path = WebImageView.swift; sourceTree = "<group>"; };
		57F58D7024741EAF0047A993 /* NewsfeedCellLayoutCalculator.swift */ = {isa = PBXFileReference; lastKnownFileType = sourcecode.swift; path = NewsfeedCellLayoutCalculator.swift; sourceTree = "<group>"; };
		57F58D722475406C0047A993 /* Extensions.swift */ = {isa = PBXFileReference; lastKnownFileType = sourcecode.swift; path = Extensions.swift; sourceTree = "<group>"; };
/* End PBXFileReference section */

/* Begin PBXFrameworksBuildPhase section */
		57F58D09246EDE060047A993 /* Frameworks */ = {
			isa = PBXFrameworksBuildPhase;
			buildActionMask = 2147483647;
			files = (
				57F58D55247000D80047A993 /* Kingfisher.framework in Frameworks */,
				57F58D57247000DB0047A993 /* VKSdkFramework.framework in Frameworks */,
				57F58D52247000D30047A993 /* Alamofire.framework in Frameworks */,
			);
			runOnlyForDeploymentPostprocessing = 0;
		};
/* End PBXFrameworksBuildPhase section */

/* Begin PBXGroup section */
		576AE7EB24769C9900994989 /* CollectionView */ = {
			isa = PBXGroup;
			children = (
				576AE7EC24769CAF00994989 /* CollectionView.swift */,
				576AE7EE24769E3200994989 /* CollectionViewFirstCell.swift */,
			);
			path = CollectionView;
			sourceTree = "<group>";
		};
		576AE7F2247AC2F600994989 /* View */ = {
			isa = PBXGroup;
			children = (
				57F58D6A2473D7150047A993 /* WebImageView.swift */,
				57F58D622472864C0047A993 /* NewsfeedCell */,
			);
			path = View;
			sourceTree = "<group>";
		};
		57F58D03246EDE060047A993 = {
			isa = PBXGroup;
			children = (
				57F58D0E246EDE060047A993 /* NewsfeedVK */,
				57F58D0D246EDE060047A993 /* Products */,
				57F58D23246F02DE0047A993 /* Frameworks */,
			);
			sourceTree = "<group>";
		};
		57F58D0D246EDE060047A993 /* Products */ = {
			isa = PBXGroup;
			children = (
				57F58D0C246EDE060047A993 /* NewsfeedVK.app */,
			);
			name = Products;
			sourceTree = "<group>";
		};
		57F58D0E246EDE060047A993 /* NewsfeedVK */ = {
			isa = PBXGroup;
			children = (
				57F58D1D246EDE0B0047A993 /* Info.plist */,
				57F58D1A246EDE0B0047A993 /* LaunchScreen.storyboard */,
				57F58D15246EDE060047A993 /* Main.storyboard */,
				57F58D18246EDE0B0047A993 /* Assets.xcassets */,
				57F58D0F246EDE060047A993 /* AppDelegate.swift */,
				57F58D11246EDE060047A993 /* SceneDelegate.swift */,
				57F58D49246FFAF90047A993 /* Model */,
				576AE7F2247AC2F600994989 /* View */,
				57F58D6E2473DAF30047A993 /* Controller */,
				57F58D6D2473DAC70047A993 /* Helpers */,
			);
			path = NewsfeedVK;
			sourceTree = "<group>";
		};
		57F58D23246F02DE0047A993 /* Frameworks */ = {
			isa = PBXGroup;
			children = (
				57F58D4E2470008C0047A993 /* Alamofire */,
				57F58D45246FC8110047A993 /* Kingfisher.framework */,
				57F58D41246FC7350047A993 /* VKSdkFramework.framework */,
				57F58D3E246FC4C40047A993 /* Alamofire.framework */,
			);
			name = Frameworks;
			sourceTree = "<group>";
		};
		57F58D49246FFAF90047A993 /* Model */ = {
			isa = PBXGroup;
			children = (
				57F58D4C246FFB440047A993 /* FeedResponse.swift */,
				57F58D6C2473DAB20047A993 /* ViewModel */,
			);
			path = Model;
			sourceTree = "<group>";
		};
		57F58D5B24702BC50047A993 /* Services */ = {
			isa = PBXGroup;
			children = (
				57F58D5924702BAF0047A993 /* AuthService.swift */,
				57F58D5C2471382C0047A993 /* NetworkService.swift */,
				57F58D5E24713AAE0047A993 /* API.swift */,
				57F58D602471BEC90047A993 /* NetworkDataFetcher.swift */,
			);
			path = Services;
			sourceTree = "<group>";
		};
		57F58D622472864C0047A993 /* NewsfeedCell */ = {
			isa = PBXGroup;
			children = (
				576AE7EB24769C9900994989 /* CollectionView */,
				57F58D632472866A0047A993 /* NewsfeedCell.swift */,
				57F58D7024741EAF0047A993 /* NewsfeedCellLayoutCalculator.swift */,
			);
			path = NewsfeedCell;
			sourceTree = "<group>";
		};
		57F58D6C2473DAB20047A993 /* ViewModel */ = {
			isa = PBXGroup;
			children = (
				57F58D682472E41B0047A993 /* FeedViewModel.swift */,
			);
			path = ViewModel;
			sourceTree = "<group>";
		};
		57F58D6D2473DAC70047A993 /* Helpers */ = {
			isa = PBXGroup;
			children = (
				57F58D5B24702BC50047A993 /* Services */,
				57F58D722475406C0047A993 /* Extensions.swift */,
				576AE7E92475973500994989 /* Constants.swift */,
			);
			path = Helpers;
			sourceTree = "<group>";
		};
		57F58D6E2473DAF30047A993 /* Controller */ = {
			isa = PBXGroup;
			children = (
				57F58D13246EDE060047A993 /* AuthViewController.swift */,
				57F58D2C246FBCFE0047A993 /* FeedViewController.swift */,
			);
			path = Controller;
			sourceTree = "<group>";
		};
/* End PBXGroup section */

/* Begin PBXNativeTarget section */
		57F58D0B246EDE060047A993 /* NewsfeedVK */ = {
			isa = PBXNativeTarget;
			buildConfigurationList = 57F58D20246EDE0B0047A993 /* Build configuration list for PBXNativeTarget "NewsfeedVK" */;
			buildPhases = (
				57F58D08246EDE060047A993 /* Sources */,
				57F58D09246EDE060047A993 /* Frameworks */,
				57F58D0A246EDE060047A993 /* Resources */,
				57F58D29246F04830047A993 /* ShellScript */,
			);
			buildRules = (
			);
			dependencies = (
			);
			name = NewsfeedVK;
			packageProductDependencies = (
			);
			productName = NewsfeedVK;
			productReference = 57F58D0C246EDE060047A993 /* NewsfeedVK.app */;
			productType = "com.apple.product-type.application";
		};
/* End PBXNativeTarget section */

/* Begin PBXProject section */
		57F58D04246EDE060047A993 /* Project object */ = {
			isa = PBXProject;
			attributes = {
				LastSwiftUpdateCheck = 1140;
				LastUpgradeCheck = 1140;
				ORGANIZATIONNAME = "Роман Комаров";
				TargetAttributes = {
					57F58D0B246EDE060047A993 = {
						CreatedOnToolsVersion = 11.4.1;
					};
				};
			};
			buildConfigurationList = 57F58D07246EDE060047A993 /* Build configuration list for PBXProject "NewsfeedVK" */;
			compatibilityVersion = "Xcode 9.3";
			developmentRegion = en;
			hasScannedForEncodings = 0;
			knownRegions = (
				en,
				Base,
			);
			mainGroup = 57F58D03246EDE060047A993;
			packageReferences = (
			);
			productRefGroup = 57F58D0D246EDE060047A993 /* Products */;
			projectDirPath = "";
			projectRoot = "";
			targets = (
				57F58D0B246EDE060047A993 /* NewsfeedVK */,
			);
		};
/* End PBXProject section */

/* Begin PBXResourcesBuildPhase section */
		57F58D0A246EDE060047A993 /* Resources */ = {
			isa = PBXResourcesBuildPhase;
			buildActionMask = 2147483647;
			files = (
				57F58D1C246EDE0B0047A993 /* LaunchScreen.storyboard in Resources */,
				57F58D19246EDE0B0047A993 /* Assets.xcassets in Resources */,
				57F58D17246EDE060047A993 /* Main.storyboard in Resources */,
			);
			runOnlyForDeploymentPostprocessing = 0;
		};
/* End PBXResourcesBuildPhase section */

/* Begin PBXShellScriptBuildPhase section */
		57F58D29246F04830047A993 /* ShellScript */ = {
			isa = PBXShellScriptBuildPhase;
			buildActionMask = 2147483647;
			files = (
			);
			inputFileListPaths = (
			);
			inputPaths = (
				"$(SRCROOT)/Carthage/Build/iOS/Alamofire.framework",
				"$(SRCROOT)/Carthage/Build/iOS/VKSdkFramework.framework",
				"$(SRCROOT)/Carthage/Build/iOS/Kingfisher.framework",
			);
			outputFileListPaths = (
			);
			outputPaths = (
				"$(BUILT_PRODUCTS_DIR)/$(FRAMEWORKS_FOLDER_PATH)/Alamofire.framework",
				"$(BUILT_PRODUCTS_DIR)/$(FRAMEWORKS_FOLDER_PATH)/VKSdkFramework.framework",
				"$(BUILT_PRODUCTS_DIR)/$(FRAMEWORKS_FOLDER_PATH)/Kingfisher.framework",
			);
			runOnlyForDeploymentPostprocessing = 0;
			shellPath = /bin/sh;
			shellScript = "# Type a script or drag a script file from your workspace to insert its path.\n/usr/local/bin/carthage copy-frameworks\n";
		};
/* End PBXShellScriptBuildPhase section */

/* Begin PBXSourcesBuildPhase section */
		57F58D08246EDE060047A993 /* Sources */ = {
			isa = PBXSourcesBuildPhase;
			buildActionMask = 2147483647;
			files = (
				57F58D7124741EAF0047A993 /* NewsfeedCellLayoutCalculator.swift in Sources */,
				57F58D14246EDE060047A993 /* AuthViewController.swift in Sources */,
				57F58D4D246FFB440047A993 /* FeedResponse.swift in Sources */,
				57F58D6B2473D7150047A993 /* WebImageView.swift in Sources */,
				57F58D612471BEC90047A993 /* NetworkDataFetcher.swift in Sources */,
				57F58D2D246FBCFE0047A993 /* FeedViewController.swift in Sources */,
				57F58D5D2471382C0047A993 /* NetworkService.swift in Sources */,
				576AE7EA2475973500994989 /* Constants.swift in Sources */,
				57F58D10246EDE060047A993 /* AppDelegate.swift in Sources */,
				576AE7EF24769E3200994989 /* CollectionViewFirstCell.swift in Sources */,
				576AE7ED24769CAF00994989 /* CollectionView.swift in Sources */,
				57F58D12246EDE060047A993 /* SceneDelegate.swift in Sources */,
				57F58D732475406C0047A993 /* Extensions.swift in Sources */,
				57F58D5F24713AAE0047A993 /* API.swift in Sources */,
				57F58D642472866A0047A993 /* NewsfeedCell.swift in Sources */,
				57F58D5A24702BAF0047A993 /* AuthService.swift in Sources */,
				57F58D692472E41B0047A993 /* FeedViewModel.swift in Sources */,
			);
			runOnlyForDeploymentPostprocessing = 0;
		};
/* End PBXSourcesBuildPhase section */

/* Begin PBXVariantGroup section */
		57F58D15246EDE060047A993 /* Main.storyboard */ = {
			isa = PBXVariantGroup;
			children = (
				57F58D16246EDE060047A993 /* Base */,
			);
			name = Main.storyboard;
			sourceTree = "<group>";
		};
		57F58D1A246EDE0B0047A993 /* LaunchScreen.storyboard */ = {
			isa = PBXVariantGroup;
			children = (
				57F58D1B246EDE0B0047A993 /* Base */,
			);
			name = LaunchScreen.storyboard;
			sourceTree = "<group>";
		};
/* End PBXVariantGroup section */

/* Begin XCBuildConfiguration section */
		57F58D1E246EDE0B0047A993 /* Debug */ = {
			isa = XCBuildConfiguration;
			buildSettings = {
				ALWAYS_SEARCH_USER_PATHS = NO;
				CLANG_ANALYZER_NONNULL = YES;
				CLANG_ANALYZER_NUMBER_OBJECT_CONVERSION = YES_AGGRESSIVE;
				CLANG_CXX_LANGUAGE_STANDARD = "gnu++14";
				CLANG_CXX_LIBRARY = "libc++";
				CLANG_ENABLE_MODULES = YES;
				CLANG_ENABLE_OBJC_ARC = YES;
				CLANG_ENABLE_OBJC_WEAK = YES;
				CLANG_WARN_BLOCK_CAPTURE_AUTORELEASING = YES;
				CLANG_WARN_BOOL_CONVERSION = YES;
				CLANG_WARN_COMMA = YES;
				CLANG_WARN_CONSTANT_CONVERSION = YES;
				CLANG_WARN_DEPRECATED_OBJC_IMPLEMENTATIONS = YES;
				CLANG_WARN_DIRECT_OBJC_ISA_USAGE = YES_ERROR;
				CLANG_WARN_DOCUMENTATION_COMMENTS = YES;
				CLANG_WARN_EMPTY_BODY = YES;
				CLANG_WARN_ENUM_CONVERSION = YES;
				CLANG_WARN_INFINITE_RECURSION = YES;
				CLANG_WARN_INT_CONVERSION = YES;
				CLANG_WARN_NON_LITERAL_NULL_CONVERSION = YES;
				CLANG_WARN_OBJC_IMPLICIT_RETAIN_SELF = YES;
				CLANG_WARN_OBJC_LITERAL_CONVERSION = YES;
				CLANG_WARN_OBJC_ROOT_CLASS = YES_ERROR;
				CLANG_WARN_RANGE_LOOP_ANALYSIS = YES;
				CLANG_WARN_STRICT_PROTOTYPES = YES;
				CLANG_WARN_SUSPICIOUS_MOVE = YES;
				CLANG_WARN_UNGUARDED_AVAILABILITY = YES_AGGRESSIVE;
				CLANG_WARN_UNREACHABLE_CODE = YES;
				CLANG_WARN__DUPLICATE_METHOD_MATCH = YES;
				COPY_PHASE_STRIP = NO;
				DEBUG_INFORMATION_FORMAT = dwarf;
				ENABLE_STRICT_OBJC_MSGSEND = YES;
				ENABLE_TESTABILITY = YES;
				GCC_C_LANGUAGE_STANDARD = gnu11;
				GCC_DYNAMIC_NO_PIC = NO;
				GCC_NO_COMMON_BLOCKS = YES;
				GCC_OPTIMIZATION_LEVEL = 0;
				GCC_PREPROCESSOR_DEFINITIONS = (
					"DEBUG=1",
					"$(inherited)",
				);
				GCC_WARN_64_TO_32_BIT_CONVERSION = YES;
				GCC_WARN_ABOUT_RETURN_TYPE = YES_ERROR;
				GCC_WARN_UNDECLARED_SELECTOR = YES;
				GCC_WARN_UNINITIALIZED_AUTOS = YES_AGGRESSIVE;
				GCC_WARN_UNUSED_FUNCTION = YES;
				GCC_WARN_UNUSED_VARIABLE = YES;
				IPHONEOS_DEPLOYMENT_TARGET = 13.4;
				MTL_ENABLE_DEBUG_INFO = INCLUDE_SOURCE;
				MTL_FAST_MATH = YES;
				ONLY_ACTIVE_ARCH = YES;
				SDKROOT = iphoneos;
				SWIFT_ACTIVE_COMPILATION_CONDITIONS = DEBUG;
				SWIFT_OPTIMIZATION_LEVEL = "-Onone";
			};
			name = Debug;
		};
		57F58D1F246EDE0B0047A993 /* Release */ = {
			isa = XCBuildConfiguration;
			buildSettings = {
				ALWAYS_SEARCH_USER_PATHS = NO;
				CLANG_ANALYZER_NONNULL = YES;
				CLANG_ANALYZER_NUMBER_OBJECT_CONVERSION = YES_AGGRESSIVE;
				CLANG_CXX_LANGUAGE_STANDARD = "gnu++14";
				CLANG_CXX_LIBRARY = "libc++";
				CLANG_ENABLE_MODULES = YES;
				CLANG_ENABLE_OBJC_ARC = YES;
				CLANG_ENABLE_OBJC_WEAK = YES;
				CLANG_WARN_BLOCK_CAPTURE_AUTORELEASING = YES;
				CLANG_WARN_BOOL_CONVERSION = YES;
				CLANG_WARN_COMMA = YES;
				CLANG_WARN_CONSTANT_CONVERSION = YES;
				CLANG_WARN_DEPRECATED_OBJC_IMPLEMENTATIONS = YES;
				CLANG_WARN_DIRECT_OBJC_ISA_USAGE = YES_ERROR;
				CLANG_WARN_DOCUMENTATION_COMMENTS = YES;
				CLANG_WARN_EMPTY_BODY = YES;
				CLANG_WARN_ENUM_CONVERSION = YES;
				CLANG_WARN_INFINITE_RECURSION = YES;
				CLANG_WARN_INT_CONVERSION = YES;
				CLANG_WARN_NON_LITERAL_NULL_CONVERSION = YES;
				CLANG_WARN_OBJC_IMPLICIT_RETAIN_SELF = YES;
				CLANG_WARN_OBJC_LITERAL_CONVERSION = YES;
				CLANG_WARN_OBJC_ROOT_CLASS = YES_ERROR;
				CLANG_WARN_RANGE_LOOP_ANALYSIS = YES;
				CLANG_WARN_STRICT_PROTOTYPES = YES;
				CLANG_WARN_SUSPICIOUS_MOVE = YES;
				CLANG_WARN_UNGUARDED_AVAILABILITY = YES_AGGRESSIVE;
				CLANG_WARN_UNREACHABLE_CODE = YES;
				CLANG_WARN__DUPLICATE_METHOD_MATCH = YES;
				COPY_PHASE_STRIP = NO;
				DEBUG_INFORMATION_FORMAT = "dwarf-with-dsym";
				ENABLE_NS_ASSERTIONS = NO;
				ENABLE_STRICT_OBJC_MSGSEND = YES;
				GCC_C_LANGUAGE_STANDARD = gnu11;
				GCC_NO_COMMON_BLOCKS = YES;
				GCC_WARN_64_TO_32_BIT_CONVERSION = YES;
				GCC_WARN_ABOUT_RETURN_TYPE = YES_ERROR;
				GCC_WARN_UNDECLARED_SELECTOR = YES;
				GCC_WARN_UNINITIALIZED_AUTOS = YES_AGGRESSIVE;
				GCC_WARN_UNUSED_FUNCTION = YES;
				GCC_WARN_UNUSED_VARIABLE = YES;
				IPHONEOS_DEPLOYMENT_TARGET = 13.4;
				MTL_ENABLE_DEBUG_INFO = NO;
				MTL_FAST_MATH = YES;
				SDKROOT = iphoneos;
				SWIFT_COMPILATION_MODE = wholemodule;
				SWIFT_OPTIMIZATION_LEVEL = "-O";
				VALIDATE_PRODUCT = YES;
			};
			name = Release;
		};
		57F58D21246EDE0B0047A993 /* Debug */ = {
			isa = XCBuildConfiguration;
			buildSettings = {
				ASSETCATALOG_COMPILER_APPICON_NAME = AppIcon;
				CODE_SIGN_STYLE = Automatic;
				DEVELOPMENT_TEAM = NLAKZKBFA2;
				FRAMEWORK_SEARCH_PATHS = (
					"$(inherited)",
					"$(PROJECT_DIR)/Carthage/Build/iOS",
				);
				INFOPLIST_FILE = NewsfeedVK/Info.plist;
				IPHONEOS_DEPLOYMENT_TARGET = 13.0;
				LD_RUNPATH_SEARCH_PATHS = (
					"$(inherited)",
					"@executable_path/Frameworks",
				);
				LIBRARY_SEARCH_PATHS = (
					"$(inherited)",
					"$(PROJECT_DIR)/Carthage/Build/iOS/VKSdkFramework.framework",
					"$(PROJECT_DIR)/Carthage/Build/iOS/Alamofire.framework",
					"$(PROJECT_DIR)/Carthage/Build/iOS/Kingfisher.framework",
				);
				PRODUCT_BUNDLE_IDENTIFIER = MegakoMar.NewsfeedVK;
				PRODUCT_NAME = "$(TARGET_NAME)";
				SWIFT_VERSION = 5.0;
				TARGETED_DEVICE_FAMILY = 1;
			};
			name = Debug;
		};
		57F58D22246EDE0B0047A993 /* Release */ = {
			isa = XCBuildConfiguration;
			buildSettings = {
				ASSETCATALOG_COMPILER_APPICON_NAME = AppIcon;
				CODE_SIGN_STYLE = Automatic;
				DEVELOPMENT_TEAM = NLAKZKBFA2;
				FRAMEWORK_SEARCH_PATHS = (
					"$(inherited)",
					"$(PROJECT_DIR)/Carthage/Build/iOS",
				);
				INFOPLIST_FILE = NewsfeedVK/Info.plist;
				IPHONEOS_DEPLOYMENT_TARGET = 13.0;
				LD_RUNPATH_SEARCH_PATHS = (
					"$(inherited)",
					"@executable_path/Frameworks",
				);
				LIBRARY_SEARCH_PATHS = (
					"$(inherited)",
					"$(PROJECT_DIR)/Carthage/Build/iOS/VKSdkFramework.framework",
					"$(PROJECT_DIR)/Carthage/Build/iOS/Alamofire.framework",
					"$(PROJECT_DIR)/Carthage/Build/iOS/Kingfisher.framework",
				);
				PRODUCT_BUNDLE_IDENTIFIER = MegakoMar.NewsfeedVK;
				PRODUCT_NAME = "$(TARGET_NAME)";
				SWIFT_VERSION = 5.0;
				TARGETED_DEVICE_FAMILY = 1;
			};
			name = Release;
		};
/* End XCBuildConfiguration section */

/* Begin XCConfigurationList section */
		57F58D07246EDE060047A993 /* Build configuration list for PBXProject "NewsfeedVK" */ = {
			isa = XCConfigurationList;
			buildConfigurations = (
				57F58D1E246EDE0B0047A993 /* Debug */,
				57F58D1F246EDE0B0047A993 /* Release */,
			);
			defaultConfigurationIsVisible = 0;
			defaultConfigurationName = Release;
		};
		57F58D20246EDE0B0047A993 /* Build configuration list for PBXNativeTarget "NewsfeedVK" */ = {
			isa = XCConfigurationList;
			buildConfigurations = (
				57F58D21246EDE0B0047A993 /* Debug */,
				57F58D22246EDE0B0047A993 /* Release */,
			);
			defaultConfigurationIsVisible = 0;
			defaultConfigurationName = Release;
		};
/* End XCConfigurationList section */
	};
	rootObject = 57F58D04246EDE060047A993 /* Project object */;
}
